
Microsoft Visual Studio Solution File, Format Version 10.00
# Visual Studio 9
Project("{FAE04EC0-301F-11D3-BF4B-00C04F79EFBC}") = "TestUI", "TestUI\TestUI.csproj", "{7B0FF6A2-6A38-4E87-BFC2-3C98DCD46A76}"
EndProject
Project("{FAE04EC0-301F-11D3-BF4B-00C04F79EFBC}") = "UIControls", "UIControls\UIControls.csproj", "{A3082956-9EE4-4B35-9B4E-B07D0C4C8B56}"
EndProject
Global
	GlobalSection(SolutionConfigurationPlatforms) = preSolution
		Debug|Any CPU = Debug|Any CPU
		Release|Any CPU = Release|Any CPU
	EndGlobalSection
	GlobalSection(ProjectConfigurationPlatforms) = postSolution
		{7B0FF6A2-6A38-4E87-BFC2-3C98DCD46A76}.Debug|Any CPU.ActiveCfg = Debug|Any CPU
		{7B0FF6A2-6A38-4E87-BFC2-3C98DCD46A76}.Debug|Any CPU.Build.0 = Debug|Any CPU
		{7B0FF6A2-6A38-4E87-BFC2-3C98DCD46A76}.Release|Any CPU.ActiveCfg = Release|Any CPU
		{7B0FF6A2-6A38-4E87-BFC2-3C98DCD46A76}.Release|Any CPU.Build.0 = Release|Any CPU
		{A3082956-9EE4-4B35-9B4E-B07D0C4C8B56}.Debug|Any CPU.ActiveCfg = Debug|Any CPU
		{A3082956-9EE4-4B35-9B4E-B07D0C4C8B56}.Debug|Any CPU.Build.0 = Debug|Any CPU
		{A3082956-9EE4-4B35-9B4E-B07D0C4C8B56}.Release|Any CPU.ActiveCfg = Release|Any CPU
		{A3082956-9EE4-4B35-9B4E-B07D0C4C8B56}.Release|Any CPU.Build.0 = Release|Any CPU
	EndGlobalSection
	GlobalSection(SolutionProperties) = preSolution
		HideSolutionNode = FALSE
	EndGlobalSection
EndGlobal
